// !$*UTF8*$!
{
	archiveVersion = 1;
	classes = {
	};
	objectVersion = 77;
	objects = {

/* Begin PBXBuildFile section */
		832B0AF12FD7D04E0009FCFE /* EssentialChess.framework in Frameworks */ = {isa = PBXBuildFile; fileRef = 832B0AE72FD7D04E0009FCFE /* EssentialChess.framework */; };
		83FD3FC32FDA686500CA0675 /* EssentialChess.framework in Frameworks */ = {isa = PBXBuildFile; fileRef = 832B0AE72FD7D04E0009FCFE /* EssentialChess.framework */; platformFilter = ios; };
		83FD3FC42FDA686500CA0675 /* EssentialChess.framework in Embed Frameworks */ = {isa = PBXBuildFile; fileRef = 832B0AE72FD7D04E0009FCFE /* EssentialChess.framework */; platformFilter = ios; settings = {ATTRIBUTES = (CodeSignOnCopy, RemoveHeadersOnCopy, ); }; };
		83FD3FCD2FDA68C900CA0675 /* EssentialChessUI.framework in Frameworks */ = {isa = PBXBuildFile; fileRef = 83FD3FAD2FDA685300CA0675 /* EssentialChessUI.framework */; };
/* End PBXBuildFile section */

/* Begin PBXContainerItemProxy section */
		832B0AF22FD7D04E0009FCFE /* PBXContainerItemProxy */ = {
			isa = PBXContainerItemProxy;
			containerPortal = 832B0ADE2FD7D04E0009FCFE /* Project object */;
			proxyType = 1;
			remoteGlobalIDString = 832B0AE62FD7D04E0009FCFE;
			remoteInfo = EssentialChess;
		};
		83FD3FB72FDA685300CA0675 /* PBXContainerItemProxy */ = {
			isa = PBXContainerItemProxy;
			containerPortal = 832B0ADE2FD7D04E0009FCFE /* Project object */;
			proxyType = 1;
			remoteGlobalIDString = 83FD3FAC2FDA685300CA0675;
			remoteInfo = EssentialChessUI;
		};
		83FD3FC52FDA686500CA0675 /* PBXContainerItemProxy */ = {
			isa = PBXContainerItemProxy;
			containerPortal = 832B0ADE2FD7D04E0009FCFE /* Project object */;
			proxyType = 1;
			remoteGlobalIDString = 832B0AE62FD7D04E0009FCFE;
			remoteInfo = EssentialChess;
		};
/* End PBXContainerItemProxy section */

/* Begin PBXCopyFilesBuildPhase section */
		83FD3FC72FDA686500CA0675 /* Embed Frameworks */ = {
			isa = PBXCopyFilesBuildPhase;
			buildActionMask = 2147483647;
			dstPath = "";
			dstSubfolderSpec = 10;
			files = (
				83FD3FC42FDA686500CA0675 /* EssentialChess.framework in Embed Frameworks */,
			);
			name = "Embed Frameworks";
			runOnlyForDeploymentPostprocessing = 0;
		};
/* End PBXCopyFilesBuildPhase section */

/* Begin PBXFileReference section */
		832B0AE72FD7D04E0009FCFE /* EssentialChess.framework */ = {isa = PBXFileReference; explicitFileType = wrapper.framework; includeInIndex = 0; path = EssentialChess.framework; sourceTree = BUILT_PRODUCTS_DIR; };
		832B0AF02FD7D04E0009FCFE /* EssentialChessTests.xctest */ = {isa = PBXFileReference; explicitFileType = wrapper.cfbundle; includeInIndex = 0; path = EssentialChessTests.xctest; sourceTree = BUILT_PRODUCTS_DIR; };
		832B0B3E2FD8F3040009FCFE /* EssentialChess.xctestplan */ = {isa = PBXFileReference; lastKnownFileType = text; path = EssentialChess.xctestplan; sourceTree = "<group>"; };
		83FD3FAD2FDA685300CA0675 /* EssentialChessUI.framework */ = {isa = PBXFileReference; explicitFileType = wrapper.framework; includeInIndex = 0; path = EssentialChessUI.framework; sourceTree = BUILT_PRODUCTS_DIR; };
		83FD3FB52FDA685300CA0675 /* EssentialChessUITests.xctest */ = {isa = PBXFileReference; explicitFileType = wrapper.cfbundle; includeInIndex = 0; path = EssentialChessUITests.xctest; sourceTree = BUILT_PRODUCTS_DIR; };
		83FD3FD02FDA690200CA0675 /* EssentialChessUI.xctestplan */ = {isa = PBXFileReference; lastKnownFileType = text; path = EssentialChessUI.xctestplan; sourceTree = "<group>"; };
/* End PBXFileReference section */

/* Begin PBXFileSystemSynchronizedBuildFileExceptionSet section */
		83FD3FC92FDA688B00CA0675 /* Exceptions for "EssentialChessTests" folder in "EssentialChessUITests" target */ = {
			isa = PBXFileSystemSynchronizedBuildFileExceptionSet;
			membershipExceptions = (
				"Helpers/XCTestCase+MemoryLeakTracking.swift",
			);
			target = 83FD3FB42FDA685300CA0675 /* EssentialChessUITests */;
		};
/* End PBXFileSystemSynchronizedBuildFileExceptionSet section */

/* Begin PBXFileSystemSynchronizedRootGroup section */
		832B0AE92FD7D04E0009FCFE /* EssentialChess */ = {
			isa = PBXFileSystemSynchronizedRootGroup;
			path = EssentialChess;
			sourceTree = "<group>";
		};
		832B0AF42FD7D04E0009FCFE /* EssentialChessTests */ = {
			isa = PBXFileSystemSynchronizedRootGroup;
			exceptions = (
				83FD3FC92FDA688B00CA0675 /* Exceptions for "EssentialChessTests" folder in "EssentialChessUITests" target */,
			);
			path = EssentialChessTests;
			sourceTree = "<group>";
		};
		83FD3FAE2FDA685300CA0675 /* EssentialChessUI */ = {
			isa = PBXFileSystemSynchronizedRootGroup;
			path = EssentialChessUI;
			sourceTree = "<group>";
		};
		83FD3FB92FDA685300CA0675 /* EssentialChessUITests */ = {
			isa = PBXFileSystemSynchronizedRootGroup;
			path = EssentialChessUITests;
			sourceTree = "<group>";
		};
/* End PBXFileSystemSynchronizedRootGroup section */

/* Begin PBXFrameworksBuildPhase section */
		832B0AE42FD7D04E0009FCFE /* Frameworks */ = {
			isa = PBXFrameworksBuildPhase;
			buildActionMask = 2147483647;
			files = (
			);
			runOnlyForDeploymentPostprocessing = 0;
		};
		832B0AED2FD7D04E0009FCFE /* Frameworks */ = {
			isa = PBXFrameworksBuildPhase;
			buildActionMask = 2147483647;
			files = (
				832B0AF12FD7D04E0009FCFE /* EssentialChess.framework in Frameworks */,
			);
			runOnlyForDeploymentPostprocessing = 0;
		};
		83FD3FAA2FDA685300CA0675 /* Frameworks */ = {
			isa = PBXFrameworksBuildPhase;
			buildActionMask = 2147483647;
			files = (
				83FD3FC32FDA686500CA0675 /* EssentialChess.framework in Frameworks */,
			);
			runOnlyForDeploymentPostprocessing = 0;
		};
		83FD3FB22FDA685300CA0675 /* Frameworks */ = {
			isa = PBXFrameworksBuildPhase;
			buildActionMask = 2147483647;
			files = (
				83FD3FCD2FDA68C900CA0675 /* EssentialChessUI.framework in Frameworks */,
			);
			runOnlyForDeploymentPostprocessing = 0;
		};
/* End PBXFrameworksBuildPhase section */

/* Begin PBXGroup section */
		832B0ADD2FD7D04E0009FCFE = {
			isa = PBXGroup;
			children = (
				83FD3FD02FDA690200CA0675 /* EssentialChessUI.xctestplan */,
				832B0B3E2FD8F3040009FCFE /* EssentialChess.xctestplan */,
				832B0AE92FD7D04E0009FCFE /* EssentialChess */,
				832B0AF42FD7D04E0009FCFE /* EssentialChessTests */,
				83FD3FAE2FDA685300CA0675 /* EssentialChessUI */,
				83FD3FB92FDA685300CA0675 /* EssentialChessUITests */,
				83FD3FC22FDA686500CA0675 /* Frameworks */,
				832B0AE82FD7D04E0009FCFE /* Products */,
			);
			sourceTree = "<group>";
		};
		832B0AE82FD7D04E0009FCFE /* Products */ = {
			isa = PBXGroup;
			children = (
				832B0AE72FD7D04E0009FCFE /* EssentialChess.framework */,
				832B0AF02FD7D04E0009FCFE /* EssentialChessTests.xctest */,
				83FD3FAD2FDA685300CA0675 /* EssentialChessUI.framework */,
				83FD3FB52FDA685300CA0675 /* EssentialChessUITests.xctest */,
			);
			name = Products;
			sourceTree = "<group>";
		};
		83FD3FC22FDA686500CA0675 /* Frameworks */ = {
			isa = PBXGroup;
			children = (
			);
			name = Frameworks;
			sourceTree = "<group>";
		};
/* End PBXGroup section */

/* Begin PBXHeadersBuildPhase section */
		832B0AE22FD7D04E0009FCFE /* Headers */ = {
			isa = PBXHeadersBuildPhase;
			buildActionMask = 2147483647;
			files = (
			);
			runOnlyForDeploymentPostprocessing = 0;
		};
		83FD3FA82FDA685300CA0675 /* Headers */ = {
			isa = PBXHeadersBuildPhase;
			buildActionMask = 2147483647;
			files = (
			);
			runOnlyForDeploymentPostprocessing = 0;
		};
/* End PBXHeadersBuildPhase section */

/* Begin PBXNativeTarget section */
		832B0AE62FD7D04E0009FCFE /* EssentialChess */ = {
			isa = PBXNativeTarget;
			buildConfigurationList = 832B0AF92FD7D04E0009FCFE /* Build configuration list for PBXNativeTarget "EssentialChess" */;
			buildPhases = (
				832B0AE22FD7D04E0009FCFE /* Headers */,
				832B0AE32FD7D04E0009FCFE /* Sources */,
				832B0AE42FD7D04E0009FCFE /* Frameworks */,
				832B0AE52FD7D04E0009FCFE /* Resources */,
			);
			buildRules = (
			);
			dependencies = (
			);
			fileSystemSynchronizedGroups = (
				832B0AE92FD7D04E0009FCFE /* EssentialChess */,
			);
			name = EssentialChess;
			packageProductDependencies = (
			);
			productName = EssentialChess;
			productReference = 832B0AE72FD7D04E0009FCFE /* EssentialChess.framework */;
			productType = "com.apple.product-type.framework";
		};
		832B0AEF2FD7D04E0009FCFE /* EssentialChessTests */ = {
			isa = PBXNativeTarget;
			buildConfigurationList = 832B0AFC2FD7D04E0009FCFE /* Build configuration list for PBXNativeTarget "EssentialChessTests" */;
			buildPhases = (
				832B0AEC2FD7D04E0009FCFE /* Sources */,
				832B0AED2FD7D04E0009FCFE /* Frameworks */,
				832B0AEE2FD7D04E0009FCFE /* Resources */,
			);
			buildRules = (
			);
			dependencies = (
				832B0AF32FD7D04E0009FCFE /* PBXTargetDependency */,
			);
			fileSystemSynchronizedGroups = (
				832B0AF42FD7D04E0009FCFE /* EssentialChessTests */,
			);
			name = EssentialChessTests;
			packageProductDependencies = (
			);
			productName = EssentialChessTests;
			productReference = 832B0AF02FD7D04E0009FCFE /* EssentialChessTests.xctest */;
			productType = "com.apple.product-type.bundle.unit-test";
		};
		83FD3FAC2FDA685300CA0675 /* EssentialChessUI */ = {
			isa = PBXNativeTarget;
			buildConfigurationList = 83FD3FC02FDA685300CA0675 /* Build configuration list for PBXNativeTarget "EssentialChessUI" */;
			buildPhases = (
				83FD3FA82FDA685300CA0675 /* Headers */,
				83FD3FA92FDA685300CA0675 /* Sources */,
				83FD3FAA2FDA685300CA0675 /* Frameworks */,
				83FD3FAB2FDA685300CA0675 /* Resources */,
				83FD3FC72FDA686500CA0675 /* Embed Frameworks */,
			);
			buildRules = (
			);
			dependencies = (
				83FD3FC62FDA686500CA0675 /* PBXTargetDependency */,
			);
			fileSystemSynchronizedGroups = (
				83FD3FAE2FDA685300CA0675 /* EssentialChessUI */,
			);
			name = EssentialChessUI;
			packageProductDependencies = (
			);
			productName = EssentialChessUI;
			productReference = 83FD3FAD2FDA685300CA0675 /* EssentialChessUI.framework */;
			productType = "com.apple.product-type.framework";
		};
		83FD3FB42FDA685300CA0675 /* EssentialChessUITests */ = {
			isa = PBXNativeTarget;
			buildConfigurationList = 83FD3FC12FDA685300CA0675 /* Build configuration list for PBXNativeTarget "EssentialChessUITests" */;
			buildPhases = (
				83FD3FB12FDA685300CA0675 /* Sources */,
				83FD3FB22FDA685300CA0675 /* Frameworks */,
				83FD3FB32FDA685300CA0675 /* Resources */,
			);
			buildRules = (
			);
			dependencies = (
				83FD3FB82FDA685300CA0675 /* PBXTargetDependency */,
			);
			fileSystemSynchronizedGroups = (
				83FD3FB92FDA685300CA0675 /* EssentialChessUITests */,
			);
			name = EssentialChessUITests;
			packageProductDependencies = (
			);
			productName = EssentialChessUITests;
			productReference = 83FD3FB52FDA685300CA0675 /* EssentialChessUITests.xctest */;
			productType = "com.apple.product-type.bundle.unit-test";
		};
/* End PBXNativeTarget section */

/* Begin PBXProject section */
		832B0ADE2FD7D04E0009FCFE /* Project object */ = {
			isa = PBXProject;
			attributes = {
				BuildIndependentTargetsInParallel = 1;
				LastSwiftUpdateCheck = 2620;
				LastUpgradeCheck = 2620;
				TargetAttributes = {
					832B0AE62FD7D04E0009FCFE = {
						CreatedOnToolsVersion = 26.2;
					};
					832B0AEF2FD7D04E0009FCFE = {
						CreatedOnToolsVersion = 26.2;
					};
					83FD3FAC2FDA685300CA0675 = {
						CreatedOnToolsVersion = 26.2;
					};
					83FD3FB42FDA685300CA0675 = {
						CreatedOnToolsVersion = 26.2;
					};
				};
			};
			buildConfigurationList = 832B0AE12FD7D04E0009FCFE /* Build configuration list for PBXProject "EssentialChess" */;
			developmentRegion = en;
			hasScannedForEncodings = 0;
			knownRegions = (
				en,
				Base,
			);
			mainGroup = 832B0ADD2FD7D04E0009FCFE;
			minimizedProjectReferenceProxies = 1;
			preferredProjectObjectVersion = 77;
			productRefGroup = 832B0AE82FD7D04E0009FCFE /* Products */;
			projectDirPath = "";
			projectRoot = "";
			targets = (
				832B0AE62FD7D04E0009FCFE /* EssentialChess */,
				832B0AEF2FD7D04E0009FCFE /* EssentialChessTests */,
				83FD3FAC2FDA685300CA0675 /* EssentialChessUI */,
				83FD3FB42FDA685300CA0675 /* EssentialChessUITests */,
			);
		};
/* End PBXProject section */

/* Begin PBXResourcesBuildPhase section */
		832B0AE52FD7D04E0009FCFE /* Resources */ = {
			isa = PBXResourcesBuildPhase;
			buildActionMask = 2147483647;
			files = (
			);
			runOnlyForDeploymentPostprocessing = 0;
		};
		832B0AEE2FD7D04E0009FCFE /* Resources */ = {
			isa = PBXResourcesBuildPhase;
			buildActionMask = 2147483647;
			files = (
			);
			runOnlyForDeploymentPostprocessing = 0;
		};
		83FD3FAB2FDA685300CA0675 /* Resources */ = {
			isa = PBXResourcesBuildPhase;
			buildActionMask = 2147483647;
			files = (
			);
			runOnlyForDeploymentPostprocessing = 0;
		};
		83FD3FB32FDA685300CA0675 /* Resources */ = {
			isa = PBXResourcesBuildPhase;
			buildActionMask = 2147483647;
			files = (
			);
			runOnlyForDeploymentPostprocessing = 0;
		};
/* End PBXResourcesBuildPhase section */

/* Begin PBXSourcesBuildPhase section */
		832B0AE32FD7D04E0009FCFE /* Sources */ = {
			isa = PBXSourcesBuildPhase;
			buildActionMask = 2147483647;
			files = (
			);
			runOnlyForDeploymentPostprocessing = 0;
		};
		832B0AEC2FD7D04E0009FCFE /* Sources */ = {
			isa = PBXSourcesBuildPhase;
			buildActionMask = 2147483647;
			files = (
			);
			runOnlyForDeploymentPostprocessing = 0;
		};
		83FD3FA92FDA685300CA0675 /* Sources */ = {
			isa = PBXSourcesBuildPhase;
			buildActionMask = 2147483647;
			files = (
			);
			runOnlyForDeploymentPostprocessing = 0;
		};
		83FD3FB12FDA685300CA0675 /* Sources */ = {
			isa = PBXSourcesBuildPhase;
			buildActionMask = 2147483647;
			files = (
			);
			runOnlyForDeploymentPostprocessing = 0;
		};
/* End PBXSourcesBuildPhase section */

/* Begin PBXTargetDependency section */
		832B0AF32FD7D04E0009FCFE /* PBXTargetDependency */ = {
			isa = PBXTargetDependency;
			target = 832B0AE62FD7D04E0009FCFE /* EssentialChess */;
			targetProxy = 832B0AF22FD7D04E0009FCFE /* PBXContainerItemProxy */;
		};
		83FD3FB82FDA685300CA0675 /* PBXTargetDependency */ = {
			isa = PBXTargetDependency;
			target = 83FD3FAC2FDA685300CA0675 /* EssentialChessUI */;
			targetProxy = 83FD3FB72FDA685300CA0675 /* PBXContainerItemProxy */;
		};
		83FD3FC62FDA686500CA0675 /* PBXTargetDependency */ = {
			isa = PBXTargetDependency;
			platformFilter = ios;
			target = 832B0AE62FD7D04E0009FCFE /* EssentialChess */;
			targetProxy = 83FD3FC52FDA686500CA0675 /* PBXContainerItemProxy */;
		};
/* End PBXTargetDependency section */

/* Begin XCBuildConfiguration section */
		832B0AF72FD7D04E0009FCFE /* Debug */ = {
			isa = XCBuildConfiguration;
			buildSettings = {
				ALWAYS_SEARCH_USER_PATHS = NO;
				ASSETCATALOG_COMPILER_GENERATE_SWIFT_ASSET_SYMBOL_EXTENSIONS = YES;
				CLANG_ANALYZER_NONNULL = YES;
				CLANG_ANALYZER_NUMBER_OBJECT_CONVERSION = YES_AGGRESSIVE;
				CLANG_CXX_LANGUAGE_STANDARD = "gnu++20";
				CLANG_ENABLE_MODULES = YES;
				CLANG_ENABLE_OBJC_ARC = YES;
				CLANG_ENABLE_OBJC_WEAK = YES;
				CLANG_WARN_BLOCK_CAPTURE_AUTORELEASING = YES;
				CLANG_WARN_BOOL_CONVERSION = YES;
				CLANG_WARN_COMMA = YES;
				CLANG_WARN_CONSTANT_CONVERSION = YES;
				CLANG_WARN_DEPRECATED_OBJC_IMPLEMENTATIONS = YES;
				CLANG_WARN_DIRECT_OBJC_ISA_USAGE = YES_ERROR;
				CLANG_WARN_DOCUMENTATION_COMMENTS = YES;
				CLANG_WARN_EMPTY_BODY = YES;
				CLANG_WARN_ENUM_CONVERSION = YES;
				CLANG_WARN_INFINITE_RECURSION = YES;
				CLANG_WARN_INT_CONVERSION = YES;
				CLANG_WARN_NON_LITERAL_NULL_CONVERSION = YES;
				CLANG_WARN_OBJC_IMPLICIT_RETAIN_SELF = YES;
				CLANG_WARN_OBJC_LITERAL_CONVERSION = YES;
				CLANG_WARN_OBJC_ROOT_CLASS = YES_ERROR;
				CLANG_WARN_QUOTED_INCLUDE_IN_FRAMEWORK_HEADER = YES;
				CLANG_WARN_RANGE_LOOP_ANALYSIS = YES;
				CLANG_WARN_STRICT_PROTOTYPES = YES;
				CLANG_WARN_SUSPICIOUS_MOVE = YES;
				CLANG_WARN_UNGUARDED_AVAILABILITY = YES_AGGRESSIVE;
				CLANG_WARN_UNREACHABLE_CODE = YES;
				CLANG_WARN__DUPLICATE_METHOD_MATCH = YES;
				COPY_PHASE_STRIP = NO;
				CURRENT_PROJECT_VERSION = 1;
				DEBUG_INFORMATION_FORMAT = dwarf;
				DEVELOPMENT_TEAM = WZB5R9B92Y;
				ENABLE_STRICT_OBJC_MSGSEND = YES;
				ENABLE_TESTABILITY = YES;
				ENABLE_USER_SCRIPT_SANDBOXING = YES;
				GCC_C_LANGUAGE_STANDARD = gnu17;
				GCC_DYNAMIC_NO_PIC = NO;
				GCC_NO_COMMON_BLOCKS = YES;
				GCC_OPTIMIZATION_LEVEL = 0;
				GCC_PREPROCESSOR_DEFINITIONS = (
					"DEBUG=1",
					"$(inherited)",
				);
				GCC_WARN_64_TO_32_BIT_CONVERSION = YES;
				GCC_WARN_ABOUT_RETURN_TYPE = YES_ERROR;
				GCC_WARN_UNDECLARED_SELECTOR = YES;
				GCC_WARN_UNINITIALIZED_AUTOS = YES_AGGRESSIVE;
				GCC_WARN_UNUSED_FUNCTION = YES;
				GCC_WARN_UNUSED_VARIABLE = YES;
				LOCALIZATION_PREFERS_STRING_CATALOGS = YES;
				MACOSX_DEPLOYMENT_TARGET = 26.2;
				MTL_ENABLE_DEBUG_INFO = INCLUDE_SOURCE;
				MTL_FAST_MATH = YES;
				ONLY_ACTIVE_ARCH = YES;
				SDKROOT = macosx;
				SWIFT_ACTIVE_COMPILATION_CONDITIONS = "DEBUG $(inherited)";
				SWIFT_OPTIMIZATION_LEVEL = "-Onone";
				VERSIONING_SYSTEM = "apple-generic";
				VERSION_INFO_PREFIX = "";
			};
			name = Debug;
		};
		832B0AF82FD7D04E0009FCFE /* Release */ = {
			isa = XCBuildConfiguration;
			buildSettings = {
				ALWAYS_SEARCH_USER_PATHS = NO;
				ASSETCATALOG_COMPILER_GENERATE_SWIFT_ASSET_SYMBOL_EXTENSIONS = YES;
				CLANG_ANALYZER_NONNULL = YES;
				CLANG_ANALYZER_NUMBER_OBJECT_CONVERSION = YES_AGGRESSIVE;
				CLANG_CXX_LANGUAGE_STANDARD = "gnu++20";
				CLANG_ENABLE_MODULES = YES;
				CLANG_ENABLE_OBJC_ARC = YES;
				CLANG_ENABLE_OBJC_WEAK = YES;
				CLANG_WARN_BLOCK_CAPTURE_AUTORELEASING = YES;
				CLANG_WARN_BOOL_CONVERSION = YES;
				CLANG_WARN_COMMA = YES;
				CLANG_WARN_CONSTANT_CONVERSION = YES;
				CLANG_WARN_DEPRECATED_OBJC_IMPLEMENTATIONS = YES;
				CLANG_WARN_DIRECT_OBJC_ISA_USAGE = YES_ERROR;
				CLANG_WARN_DOCUMENTATION_COMMENTS = YES;
				CLANG_WARN_EMPTY_BODY = YES;
				CLANG_WARN_ENUM_CONVERSION = YES;
				CLANG_WARN_INFINITE_RECURSION = YES;
				CLANG_WARN_INT_CONVERSION = YES;
				CLANG_WARN_NON_LITERAL_NULL_CONVERSION = YES;
				CLANG_WARN_OBJC_IMPLICIT_RETAIN_SELF = YES;
				CLANG_WARN_OBJC_LITERAL_CONVERSION = YES;
				CLANG_WARN_OBJC_ROOT_CLASS = YES_ERROR;
				CLANG_WARN_QUOTED_INCLUDE_IN_FRAMEWORK_HEADER = YES;
				CLANG_WARN_RANGE_LOOP_ANALYSIS = YES;
				CLANG_WARN_STRICT_PROTOTYPES = YES;
				CLANG_WARN_SUSPICIOUS_MOVE = YES;
				CLANG_WARN_UNGUARDED_AVAILABILITY = YES_AGGRESSIVE;
				CLANG_WARN_UNREACHABLE_CODE = YES;
				CLANG_WARN__DUPLICATE_METHOD_MATCH = YES;
				COPY_PHASE_STRIP = NO;
				CURRENT_PROJECT_VERSION = 1;
				DEBUG_INFORMATION_FORMAT = "dwarf-with-dsym";
				DEVELOPMENT_TEAM = WZB5R9B92Y;
				ENABLE_NS_ASSERTIONS = NO;
				ENABLE_STRICT_OBJC_MSGSEND = YES;
				ENABLE_USER_SCRIPT_SANDBOXING = YES;
				GCC_C_LANGUAGE_STANDARD = gnu17;
				GCC_NO_COMMON_BLOCKS = YES;
				GCC_WARN_64_TO_32_BIT_CONVERSION = YES;
				GCC_WARN_ABOUT_RETURN_TYPE = YES_ERROR;
				GCC_WARN_UNDECLARED_SELECTOR = YES;
				GCC_WARN_UNINITIALIZED_AUTOS = YES_AGGRESSIVE;
				GCC_WARN_UNUSED_FUNCTION = YES;
				GCC_WARN_UNUSED_VARIABLE = YES;
				LOCALIZATION_PREFERS_STRING_CATALOGS = YES;
				MACOSX_DEPLOYMENT_TARGET = 26.2;
				MTL_ENABLE_DEBUG_INFO = NO;
				MTL_FAST_MATH = YES;
				SDKROOT = macosx;
				SWIFT_COMPILATION_MODE = wholemodule;
				VERSIONING_SYSTEM = "apple-generic";
				VERSION_INFO_PREFIX = "";
			};
			name = Release;
		};
		832B0AFA2FD7D04E0009FCFE /* Debug */ = {
			isa = XCBuildConfiguration;
			buildSettings = {
				BUILD_LIBRARY_FOR_DISTRIBUTION = YES;
				CODE_SIGN_STYLE = Automatic;
				COMBINE_HIDPI_IMAGES = YES;
				CURRENT_PROJECT_VERSION = 1;
				DEVELOPMENT_TEAM = WZB5R9B92Y;
				DYLIB_COMPATIBILITY_VERSION = 1;
				DYLIB_CURRENT_VERSION = 1;
				DYLIB_INSTALL_NAME_BASE = "@rpath";
				ENABLE_MODULE_VERIFIER = YES;
				GENERATE_INFOPLIST_FILE = YES;
				INFOPLIST_KEY_NSHumanReadableCopyright = "";
				INSTALL_PATH = "$(LOCAL_LIBRARY_DIR)/Frameworks";
				LD_RUNPATH_SEARCH_PATHS = (
					"$(inherited)",
					"@executable_path/../Frameworks",
					"@loader_path/Frameworks",
				);
				MARKETING_VERSION = 1.0;
				MODULE_VERIFIER_SUPPORTED_LANGUAGES = "objective-c objective-c++";
				MODULE_VERIFIER_SUPPORTED_LANGUAGE_STANDARDS = "gnu17 gnu++20";
				PRODUCT_BUNDLE_IDENTIFIER = com.aminfaruq.EssentialChess;
				PRODUCT_NAME = "$(TARGET_NAME:c99extidentifier)";
				SKIP_INSTALL = YES;
				STRING_CATALOG_GENERATE_SYMBOLS = YES;
				SUPPORTED_PLATFORMS = "iphoneos iphonesimulator macosx";
				SUPPORTS_MACCATALYST = NO;
				SWIFT_APPROACHABLE_CONCURRENCY = YES;
				SWIFT_EMIT_LOC_STRINGS = YES;
				SWIFT_INSTALL_MODULE = YES;
				SWIFT_INSTALL_OBJC_HEADER = NO;
				SWIFT_UPCOMING_FEATURE_MEMBER_IMPORT_VISIBILITY = YES;
				SWIFT_VERSION = 5.0;
				TARGETED_DEVICE_FAMILY = "1,2";
			};
			name = Debug;
		};
		832B0AFB2FD7D04E0009FCFE /* Release */ = {
			isa = XCBuildConfiguration;
			buildSettings = {
				BUILD_LIBRARY_FOR_DISTRIBUTION = YES;
				CODE_SIGN_STYLE = Automatic;
				COMBINE_HIDPI_IMAGES = YES;
				CURRENT_PROJECT_VERSION = 1;
				DEVELOPMENT_TEAM = WZB5R9B92Y;
				DYLIB_COMPATIBILITY_VERSION = 1;
				DYLIB_CURRENT_VERSION = 1;
				DYLIB_INSTALL_NAME_BASE = "@rpath";
				ENABLE_MODULE_VERIFIER = YES;
				GENERATE_INFOPLIST_FILE = YES;
				INFOPLIST_KEY_NSHumanReadableCopyright = "";
				INSTALL_PATH = "$(LOCAL_LIBRARY_DIR)/Frameworks";
				LD_RUNPATH_SEARCH_PATHS = (
					"$(inherited)",
					"@executable_path/../Frameworks",
					"@loader_path/Frameworks",
				);
				MARKETING_VERSION = 1.0;
				MODULE_VERIFIER_SUPPORTED_LANGUAGES = "objective-c objective-c++";
				MODULE_VERIFIER_SUPPORTED_LANGUAGE_STANDARDS = "gnu17 gnu++20";
				PRODUCT_BUNDLE_IDENTIFIER = com.aminfaruq.EssentialChess;
				PRODUCT_NAME = "$(TARGET_NAME:c99extidentifier)";
				SKIP_INSTALL = YES;
				STRING_CATALOG_GENERATE_SYMBOLS = YES;
				SUPPORTED_PLATFORMS = "iphoneos iphonesimulator macosx";
				SUPPORTS_MACCATALYST = NO;
				SWIFT_APPROACHABLE_CONCURRENCY = YES;
				SWIFT_EMIT_LOC_STRINGS = YES;
				SWIFT_INSTALL_MODULE = YES;
				SWIFT_INSTALL_OBJC_HEADER = NO;
				SWIFT_UPCOMING_FEATURE_MEMBER_IMPORT_VISIBILITY = YES;
				SWIFT_VERSION = 5.0;
				TARGETED_DEVICE_FAMILY = "1,2";
			};
			name = Release;
		};
		832B0AFD2FD7D04E0009FCFE /* Debug */ = {
			isa = XCBuildConfiguration;
			buildSettings = {
				CODE_SIGN_STYLE = Automatic;
				CURRENT_PROJECT_VERSION = 1;
				DEVELOPMENT_TEAM = WZB5R9B92Y;
				GENERATE_INFOPLIST_FILE = YES;
				MARKETING_VERSION = 1.0;
				PRODUCT_BUNDLE_IDENTIFIER = com.aminfaruq.EssentialChessTests;
				PRODUCT_NAME = "$(TARGET_NAME)";
				STRING_CATALOG_GENERATE_SYMBOLS = NO;
				SWIFT_APPROACHABLE_CONCURRENCY = YES;
				SWIFT_EMIT_LOC_STRINGS = NO;
				SWIFT_UPCOMING_FEATURE_MEMBER_IMPORT_VISIBILITY = YES;
				SWIFT_VERSION = 5.0;
			};
			name = Debug;
		};
		832B0AFE2FD7D04E0009FCFE /* Release */ = {
			isa = XCBuildConfiguration;
			buildSettings = {
				CODE_SIGN_STYLE = Automatic;
				CURRENT_PROJECT_VERSION = 1;
				DEVELOPMENT_TEAM = WZB5R9B92Y;
				GENERATE_INFOPLIST_FILE = YES;
				MARKETING_VERSION = 1.0;
				PRODUCT_BUNDLE_IDENTIFIER = com.aminfaruq.EssentialChessTests;
				PRODUCT_NAME = "$(TARGET_NAME)";
				STRING_CATALOG_GENERATE_SYMBOLS = NO;
				SWIFT_APPROACHABLE_CONCURRENCY = YES;
				SWIFT_EMIT_LOC_STRINGS = NO;
				SWIFT_UPCOMING_FEATURE_MEMBER_IMPORT_VISIBILITY = YES;
				SWIFT_VERSION = 5.0;
			};
			name = Release;
		};
		83FD3FBC2FDA685300CA0675 /* Debug */ = {
			isa = XCBuildConfiguration;
			buildSettings = {
				BUILD_LIBRARY_FOR_DISTRIBUTION = YES;
				CODE_SIGN_STYLE = Automatic;
				CURRENT_PROJECT_VERSION = 1;
				DEVELOPMENT_TEAM = WZB5R9B92Y;
				DYLIB_COMPATIBILITY_VERSION = 1;
				DYLIB_CURRENT_VERSION = 1;
				DYLIB_INSTALL_NAME_BASE = "@rpath";
				ENABLE_MODULE_VERIFIER = YES;
				GENERATE_INFOPLIST_FILE = YES;
				INFOPLIST_KEY_NSHumanReadableCopyright = "";
				INSTALL_PATH = "$(LOCAL_LIBRARY_DIR)/Frameworks";
				IPHONEOS_DEPLOYMENT_TARGET = 26.2;
				LD_RUNPATH_SEARCH_PATHS = (
					"$(inherited)",
					"@executable_path/Frameworks",
					"@loader_path/Frameworks",
				);
				MARKETING_VERSION = 1.0;
				MODULE_VERIFIER_SUPPORTED_LANGUAGES = "objective-c objective-c++";
				MODULE_VERIFIER_SUPPORTED_LANGUAGE_STANDARDS = "gnu17 gnu++20";
				PRODUCT_BUNDLE_IDENTIFIER = com.aminfaruq.EssentialChessUI;
				PRODUCT_NAME = "$(TARGET_NAME:c99extidentifier)";
				SDKROOT = iphoneos;
				SKIP_INSTALL = YES;
				STRING_CATALOG_GENERATE_SYMBOLS = YES;
				SWIFT_APPROACHABLE_CONCURRENCY = YES;
				SWIFT_EMIT_LOC_STRINGS = YES;
				SWIFT_INSTALL_MODULE = YES;
				SWIFT_INSTALL_OBJC_HEADER = NO;
				SWIFT_UPCOMING_FEATURE_MEMBER_IMPORT_VISIBILITY = YES;
				SWIFT_VERSION = 5.0;
				TARGETED_DEVICE_FAMILY = "1,2";
			};
			name = Debug;
		};
		83FD3FBD2FDA685300CA0675 /* Release */ = {
			isa = XCBuildConfiguration;
			buildSettings = {
				BUILD_LIBRARY_FOR_DISTRIBUTION = YES;
				CODE_SIGN_STYLE = Automatic;
				CURRENT_PROJECT_VERSION = 1;
				DEVELOPMENT_TEAM = WZB5R9B92Y;
				DYLIB_COMPATIBILITY_VERSION = 1;
				DYLIB_CURRENT_VERSION = 1;
				DYLIB_INSTALL_NAME_BASE = "@rpath";
				ENABLE_MODULE_VERIFIER = YES;
				GENERATE_INFOPLIST_FILE = YES;
				INFOPLIST_KEY_NSHumanReadableCopyright = "";
				INSTALL_PATH = "$(LOCAL_LIBRARY_DIR)/Frameworks";
				IPHONEOS_DEPLOYMENT_TARGET = 26.2;
				LD_RUNPATH_SEARCH_PATHS = (
					"$(inherited)",
					"@executable_path/Frameworks",
					"@loader_path/Frameworks",
				);
				MARKETING_VERSION = 1.0;
				MODULE_VERIFIER_SUPPORTED_LANGUAGES = "objective-c objective-c++";
				MODULE_VERIFIER_SUPPORTED_LANGUAGE_STANDARDS = "gnu17 gnu++20";
				PRODUCT_BUNDLE_IDENTIFIER = com.aminfaruq.EssentialChessUI;
				PRODUCT_NAME = "$(TARGET_NAME:c99extidentifier)";
				SDKROOT = iphoneos;
				SKIP_INSTALL = YES;
				STRING_CATALOG_GENERATE_SYMBOLS = YES;
				SWIFT_APPROACHABLE_CONCURRENCY = YES;
				SWIFT_EMIT_LOC_STRINGS = YES;
				SWIFT_INSTALL_MODULE = YES;
				SWIFT_INSTALL_OBJC_HEADER = NO;
				SWIFT_UPCOMING_FEATURE_MEMBER_IMPORT_VISIBILITY = YES;
				SWIFT_VERSION = 5.0;
				TARGETED_DEVICE_FAMILY = "1,2";
				VALIDATE_PRODUCT = YES;
			};
			name = Release;
		};
		83FD3FBE2FDA685300CA0675 /* Debug */ = {
			isa = XCBuildConfiguration;
			buildSettings = {
				CODE_SIGN_STYLE = Automatic;
				CURRENT_PROJECT_VERSION = 1;
				DEVELOPMENT_TEAM = WZB5R9B92Y;
				GENERATE_INFOPLIST_FILE = YES;
				IPHONEOS_DEPLOYMENT_TARGET = 26.2;
				MARKETING_VERSION = 1.0;
				PRODUCT_BUNDLE_IDENTIFIER = com.aminfaruq.EssentialChessUITests;
				PRODUCT_NAME = "$(TARGET_NAME)";
				SDKROOT = iphoneos;
				STRING_CATALOG_GENERATE_SYMBOLS = NO;
				SWIFT_APPROACHABLE_CONCURRENCY = YES;
				SWIFT_EMIT_LOC_STRINGS = NO;
				SWIFT_UPCOMING_FEATURE_MEMBER_IMPORT_VISIBILITY = YES;
				SWIFT_VERSION = 5.0;
				TARGETED_DEVICE_FAMILY = "1,2";
			};
			name = Debug;
		};
		83FD3FBF2FDA685300CA0675 /* Release */ = {
			isa = XCBuildConfiguration;
			buildSettings = {
				CODE_SIGN_STYLE = Automatic;
				CURRENT_PROJECT_VERSION = 1;
				DEVELOPMENT_TEAM = WZB5R9B92Y;
				GENERATE_INFOPLIST_FILE = YES;
				IPHONEOS_DEPLOYMENT_TARGET = 26.2;
				MARKETING_VERSION = 1.0;
				PRODUCT_BUNDLE_IDENTIFIER = com.aminfaruq.EssentialChessUITests;
				PRODUCT_NAME = "$(TARGET_NAME)";
				SDKROOT = iphoneos;
				STRING_CATALOG_GENERATE_SYMBOLS = NO;
				SWIFT_APPROACHABLE_CONCURRENCY = YES;
				SWIFT_EMIT_LOC_STRINGS = NO;
				SWIFT_UPCOMING_FEATURE_MEMBER_IMPORT_VISIBILITY = YES;
				SWIFT_VERSION = 5.0;
				TARGETED_DEVICE_FAMILY = "1,2";
				VALIDATE_PRODUCT = YES;
			};
			name = Release;
		};
/* End XCBuildConfiguration section */

/* Begin XCConfigurationList section */
		832B0AE12FD7D04E0009FCFE /* Build configuration list for PBXProject "EssentialChess" */ = {
			isa = XCConfigurationList;
			buildConfigurations = (
				832B0AF72FD7D04E0009FCFE /* Debug */,
				832B0AF82FD7D04E0009FCFE /* Release */,
			);
			defaultConfigurationIsVisible = 0;
			defaultConfigurationName = Release;
		};
		832B0AF92FD7D04E0009FCFE /* Build configuration list for PBXNativeTarget "EssentialChess" */ = {
			isa = XCConfigurationList;
			buildConfigurations = (
				832B0AFA2FD7D04E0009FCFE /* Debug */,
				832B0AFB2FD7D04E0009FCFE /* Release */,
			);
			defaultConfigurationIsVisible = 0;
			defaultConfigurationName = Release;
		};
		832B0AFC2FD7D04E0009FCFE /* Build configuration list for PBXNativeTarget "EssentialChessTests" */ = {
			isa = XCConfigurationList;
			buildConfigurations = (
				832B0AFD2FD7D04E0009FCFE /* Debug */,
				832B0AFE2FD7D04E0009FCFE /* Release */,
			);
			defaultConfigurationIsVisible = 0;
			defaultConfigurationName = Release;
		};
		83FD3FC02FDA685300CA0675 /* Build configuration list for PBXNativeTarget "EssentialChessUI" */ = {
			isa = XCConfigurationList;
			buildConfigurations = (
				83FD3FBC2FDA685300CA0675 /* Debug */,
				83FD3FBD2FDA685300CA0675 /* Release */,
			);
			defaultConfigurationIsVisible = 0;
			defaultConfigurationName = Release;
		};
		83FD3FC12FDA685300CA0675 /* Build configuration list for PBXNativeTarget "EssentialChessUITests" */ = {
			isa = XCConfigurationList;
			buildConfigurations = (
				83FD3FBE2FDA685300CA0675 /* Debug */,
				83FD3FBF2FDA685300CA0675 /* Release */,
			);
			defaultConfigurationIsVisible = 0;
			defaultConfigurationName = Release;
		};
/* End XCConfigurationList section */
	};
	rootObject = 832B0ADE2FD7D04E0009FCFE /* Project object */;
}
